
Microsoft Visual Studio Solution File, Format Version 12.00
# Visual Studio 15
VisualStudioVersion = 15.0.28307.421
MinimumVisualStudioVersion = 10.0.40219.1
Project("{9A19103F-16F7-4668-BE54-9A1E7A4F7556}") = "ShopNotch", "ShopNotch\ShopNotch.csproj", "{7AE80749-2D89-4C6C-AB86-1A0A0B25045A}"
EndProject
Project("{9A19103F-16F7-4668-BE54-9A1E7A4F7556}") = "Data", "Data\Data.csproj", "{E765F528-3D05-4D45-85C4-49F61C323E67}"
EndProject
Project("{9A19103F-16F7-4668-BE54-9A1E7A4F7556}") = "Logic", "Logic\Logic.csproj", "{91815D32-00A7-4932-97C2-E9A850CA5A24}"
EndProject
Project("{FAE04EC0-301F-11D3-BF4B-00C04F79EFBC}") = "UnitTests", "UnitTests\UnitTests.csproj", "{F34C6311-CBD1-4578-886B-30E680F0B627}"
EndProject
Global
	GlobalSection(SolutionConfigurationPlatforms) = preSolution
		Debug|Any CPU = Debug|Any CPU
		Release|Any CPU = Release|Any CPU
	EndGlobalSection
	GlobalSection(ProjectConfigurationPlatforms) = postSolution
		{7AE80749-2D89-4C6C-AB86-1A0A0B25045A}.Debug|Any CPU.ActiveCfg = Debug|Any CPU
		{7AE80749-2D89-4C6C-AB86-1A0A0B25045A}.Debug|Any CPU.Build.0 = Debug|Any CPU
		{7AE80749-2D89-4C6C-AB86-1A0A0B25045A}.Release|Any CPU.ActiveCfg = Release|Any CPU
		{7AE80749-2D89-4C6C-AB86-1A0A0B25045A}.Release|Any CPU.Build.0 = Release|Any CPU
		{E765F528-3D05-4D45-85C4-49F61C323E67}.Debug|Any CPU.ActiveCfg = Debug|Any CPU
		{E765F528-3D05-4D45-85C4-49F61C323E67}.Debug|Any CPU.Build.0 = Debug|Any CPU
		{E765F528-3D05-4D45-85C4-49F61C323E67}.Release|Any CPU.ActiveCfg = Release|Any CPU
		{E765F528-3D05-4D45-85C4-49F61C323E67}.Release|Any CPU.Build.0 = Release|Any CPU
		{91815D32-00A7-4932-97C2-E9A850CA5A24}.Debug|Any CPU.ActiveCfg = Debug|Any CPU
		{91815D32-00A7-4932-97C2-E9A850CA5A24}.Debug|Any CPU.Build.0 = Debug|Any CPU
		{91815D32-00A7-4932-97C2-E9A850CA5A24}.Release|Any CPU.ActiveCfg = Release|Any CPU
		{91815D32-00A7-4932-97C2-E9A850CA5A24}.Release|Any CPU.Build.0 = Release|Any CPU
		{F34C6311-CBD1-4578-886B-30E680F0B627}.Debug|Any CPU.ActiveCfg = Debug|Any CPU
		{F34C6311-CBD1-4578-886B-30E680F0B627}.Debug|Any CPU.Build.0 = Debug|Any CPU
		{F34C6311-CBD1-4578-886B-30E680F0B627}.Release|Any CPU.ActiveCfg = Release|Any CPU
		{F34C6311-CBD1-4578-886B-30E680F0B627}.Release|Any CPU.Build.0 = Release|Any CPU
	EndGlobalSection
	GlobalSection(SolutionProperties) = preSolution
		HideSolutionNode = FALSE
	EndGlobalSection
	GlobalSection(ExtensibilityGlobals) = postSolution
		SolutionGuid = {3DD5EA33-5F79-49D5-934D-D2FE26917951}
	EndGlobalSection
EndGlobal
